{
  "name": "cp-automation",
  "version": "0.0.0",
  "lockfileVersion": 1,
  "requires": true,
  "dependencies": {
    "import": {
      "version": "0.0.6",
      "resolved": "https://registry.npmjs.org/import/-/import-0.0.6.tgz",
      "integrity": "sha1-0Ot534aqJnfG22FXilISswMeYEI=",
      "requires": {
        "optimist": "0.3.7"
      }
    },
    "optimist": {
      "version": "0.3.7",
      "resolved": "https://registry.npmjs.org/optimist/-/optimist-0.3.7.tgz",
      "integrity": "sha1-yQlBrVnkJzMokjB00s8ufLxuwNk=",
      "requires": {
        "wordwrap": "0.0.3"
      }
    },
    "python-shell": {
      "version": "0.5.0",
      "resolved": "https://registry.npmjs.org/python-shell/-/python-shell-0.5.0.tgz",
      "integrity": "sha512-+jgmFZvwk1yMBBDisDlkXXMYv1eEJKbGCtwHLppGIyEV83cKeX9hjOjfR2yONWK3yQFhum0M2r7UE0U//hiK9w=="
    },
    "wordwrap": {
      "version": "0.0.3",
      "resolved": "https://registry.npmjs.org/wordwrap/-/wordwrap-0.0.3.tgz",
      "integrity": "sha1-o9XabNXAvAAI03I0u68b7WMFkQc="
    }
  }
}
